{
  "name": "npm-project-manage",
  "version": "1.0.0",
  "lockfileVersion": 3,
  "requires": true,
  "packages": {
    "": {
      "name": "npm-project-manage",
      "version": "1.0.0",
      "hasInstallScript": true,
      "license": "Apache-2.0",
      "devDependencies": {},
      "engines": {
        "node": ">=14.0.0",
        "npm": ">=7.0.0"
      }
    }
  }
}
